
Microsoft Visual Studio Solution File, Format Version 12.00
# Visual Studio Version 17
VisualStudioVersion = 17.0.31903.59
MinimumVisualStudioVersion = 10.0.40219.1
Project("{2150E333-8FDC-42A3-9474-1A3956D46DE8}") = "src", "src", "{827E0CD3-B72D-47B6-A68D-7590B98EB39B}"
EndProject
Project("{2150E333-8FDC-42A3-9474-1A3956D46DE8}") = "shared", "shared", "{C8E42992-5E42-0C2B-DBFE-AA848D06431C}"
EndProject
Project("{2150E333-8FDC-42A3-9474-1A3956D46DE8}") = "abstractions", "abstractions", "{653321EE-8459-8F0C-2B73-83632013A9E2}"
EndProject
Project("{FAE04EC0-301F-11D3-BF4B-00C04F79EFBC}") = "Shared.Abstractions", "src\shared\abstractions\Shared.Abstractions\Shared.Abstractions.csproj", "{E58161CD-E537-4082-B30F-6AF318CEF254}"
EndProject
Project("{FAE04EC0-301F-11D3-BF4B-00C04F79EFBC}") = "Shared.Common", "src\shared\common\Shared.Common\Shared.Common.csproj", "{AC25C3F3-2236-4497-9553-1E11D5CB33E1}"
EndProject
Project("{FAE04EC0-301F-11D3-BF4B-00C04F79EFBC}") = "Shared.Contracts", "src\shared\contracts\Shared.Contracts\Shared.Contracts.csproj", "{52435D11-59EB-4792-B809-423923C8132C}"
EndProject
Project("{FAE04EC0-301F-11D3-BF4B-00C04F79EFBC}") = "IdentityService.Domain", "src\services\identity\IdentityService.Domain\IdentityService.Domain.csproj", "{352A0DA6-9C6A-46F6-B86F-C0251F0C3BD0}"
EndProject
Project("{FAE04EC0-301F-11D3-BF4B-00C04F79EFBC}") = "IdentityService.Application", "src\services\identity\IdentityService.Application\IdentityService.Application.csproj", "{40F4E031-A3A2-4659-A348-29FA4249DAA6}"
EndProject
Project("{FAE04EC0-301F-11D3-BF4B-00C04F79EFBC}") = "IdentityService.Infrastructure", "src\services\identity\IdentityService.Infrastructure\IdentityService.Infrastructure.csproj", "{46BD9006-F295-4157-A02D-3EB127491C34}"
EndProject
Project("{FAE04EC0-301F-11D3-BF4B-00C04F79EFBC}") = "IdentityService.Api", "src\services\identity\IdentityService.Api\IdentityService.Api.csproj", "{C08B181B-227A-4924-856F-A8F58999D906}"
EndProject
Project("{FAE04EC0-301F-11D3-BF4B-00C04F79EFBC}") = "IssueService.Domain", "src\services\issues\IssueService.Domain\IssueService.Domain.csproj", "{0252403C-C767-49D1-B981-1DB8A3651068}"
EndProject
Project("{FAE04EC0-301F-11D3-BF4B-00C04F79EFBC}") = "IssueService.Application", "src\services\issues\IssueService.Application\IssueService.Application.csproj", "{D491BBAA-BEB5-4A61-9FFF-6866398C71DF}"
EndProject
Project("{FAE04EC0-301F-11D3-BF4B-00C04F79EFBC}") = "IssueService.Infrastructure", "src\services\issues\IssueService.Infrastructure\IssueService.Infrastructure.csproj", "{AF3181BD-180A-4372-8276-9E6EB765CBCB}"
EndProject
Project("{FAE04EC0-301F-11D3-BF4B-00C04F79EFBC}") = "IssueService.Api", "src\services\issues\IssueService.Api\IssueService.Api.csproj", "{FE0FDC78-EC06-4EFF-8B89-436F3308922C}"
EndProject
Project("{FAE04EC0-301F-11D3-BF4B-00C04F79EFBC}") = "ProjectService.Domain", "src\services\projects\ProjectService.Domain\ProjectService.Domain.csproj", "{4C19F8D1-8D61-4169-ACEE-FDFDC45B4302}"
EndProject
Project("{FAE04EC0-301F-11D3-BF4B-00C04F79EFBC}") = "ProjectService.Application", "src\services\projects\ProjectService.Application\ProjectService.Application.csproj", "{54852CF4-83BA-494A-83F0-17DABB5B8B93}"
EndProject
Project("{FAE04EC0-301F-11D3-BF4B-00C04F79EFBC}") = "ProjectService.Infrastructure", "src\services\projects\ProjectService.Infrastructure\ProjectService.Infrastructure.csproj", "{D844170D-5DC3-4C33-AD13-26440BFEEA09}"
EndProject
Project("{FAE04EC0-301F-11D3-BF4B-00C04F79EFBC}") = "ProjectService.Api", "src\services\projects\ProjectService.Api\ProjectService.Api.csproj", "{FACCADF6-DD8D-4FD1-8A5B-152E19C1D32F}"
EndProject
Project("{FAE04EC0-301F-11D3-BF4B-00C04F79EFBC}") = "SprintService.Domain", "src\services\sprints\SprintService.Domain\SprintService.Domain.csproj", "{58B0F66B-0CE8-4FB9-9D8C-9D40D14B82FA}"
EndProject
Project("{FAE04EC0-301F-11D3-BF4B-00C04F79EFBC}") = "SprintService.Application", "src\services\sprints\SprintService.Application\SprintService.Application.csproj", "{DBCB405E-5175-4E95-ACB2-51AF505EABD8}"
EndProject
Project("{FAE04EC0-301F-11D3-BF4B-00C04F79EFBC}") = "SprintService.Infrastructure", "src\services\sprints\SprintService.Infrastructure\SprintService.Infrastructure.csproj", "{DCAD85DB-2E60-4961-A9F0-6AA789CD6B23}"
EndProject
Project("{FAE04EC0-301F-11D3-BF4B-00C04F79EFBC}") = "SprintService.Api", "src\services\sprints\SprintService.Api\SprintService.Api.csproj", "{C13294C1-6504-44D9-85BB-64862522B8E8}"
EndProject
Project("{FAE04EC0-301F-11D3-BF4B-00C04F79EFBC}") = "NotificationService.Domain", "src\services\notifications\NotificationService.Domain\NotificationService.Domain.csproj", "{D52940DC-FEBC-49A1-97B1-7E80490267B0}"
EndProject
Project("{FAE04EC0-301F-11D3-BF4B-00C04F79EFBC}") = "NotificationService.Application", "src\services\notifications\NotificationService.Application\NotificationService.Application.csproj", "{F49974EA-189E-46E1-A698-FD55BD7B75E8}"
EndProject
Project("{FAE04EC0-301F-11D3-BF4B-00C04F79EFBC}") = "NotificationService.Infrastructure", "src\services\notifications\NotificationService.Infrastructure\NotificationService.Infrastructure.csproj", "{660FC7BC-8584-4C58-9464-CBFD9C9A1AD5}"
EndProject
Project("{FAE04EC0-301F-11D3-BF4B-00C04F79EFBC}") = "NotificationService.Api", "src\services\notifications\NotificationService.Api\NotificationService.Api.csproj", "{5D94E7AC-3AD8-40C3-9626-690EC0214957}"
EndProject
Project("{FAE04EC0-301F-11D3-BF4B-00C04F79EFBC}") = "StorageService.Domain", "src\services\storage\StorageService.Domain\StorageService.Domain.csproj", "{6542DDBD-15BA-48FB-B3A9-D4F9898C0AAB}"
EndProject
Project("{FAE04EC0-301F-11D3-BF4B-00C04F79EFBC}") = "StorageService.Application", "src\services\storage\StorageService.Application\StorageService.Application.csproj", "{AC9B431F-F267-4FFD-B8FF-D307EC13ED6A}"
EndProject
Project("{FAE04EC0-301F-11D3-BF4B-00C04F79EFBC}") = "StorageService.Infrastructure", "src\services\storage\StorageService.Infrastructure\StorageService.Infrastructure.csproj", "{62042A1B-1987-401C-9FA4-39A0F221F80D}"
EndProject
Project("{FAE04EC0-301F-11D3-BF4B-00C04F79EFBC}") = "StorageService.Api", "src\services\storage\StorageService.Api\StorageService.Api.csproj", "{076B32F7-82BD-4958-AE9D-398D27E5C213}"
EndProject
Project("{FAE04EC0-301F-11D3-BF4B-00C04F79EFBC}") = "ApiGateway", "src\gateway\ApiGateway\ApiGateway.csproj", "{B7AD3CEB-86A5-4E4C-9515-F740A7DFBAA0}"
EndProject
Project("{FAE04EC0-301F-11D3-BF4B-00C04F79EFBC}") = "Bff.Api", "src\services\bff\Bff.Api\Bff.Api.csproj", "{9F5CD5B5-B5EB-4EB8-AC9B-B21C2E5143E1}"
EndProject
Project("{FAE04EC0-301F-11D3-BF4B-00C04F79EFBC}") = "NotificationService.UnitTests", "tests\NotificationService.UnitTests\NotificationService.UnitTests.csproj", "{AF76F2B0-B676-42D5-8B21-552DC8F60155}"
EndProject
Project("{FAE04EC0-301F-11D3-BF4B-00C04F79EFBC}") = "StorageService.UnitTests", "tests\StorageService.UnitTests\StorageService.UnitTests.csproj", "{C14AC452-7A22-4B6F-BBA0-19EEA261EFE8}"
EndProject
Project("{FAE04EC0-301F-11D3-BF4B-00C04F79EFBC}") = "IssueService.UnitTests", "tests\IssueService.UnitTests\IssueService.UnitTests.csproj", "{D0E026FE-A529-488B-94AC-4A024DF3E054}"
EndProject
Project("{FAE04EC0-301F-11D3-BF4B-00C04F79EFBC}") = "ProjectService.UnitTests", "tests\ProjectService.UnitTests\ProjectService.UnitTests.csproj", "{6C96B6EF-92F3-4FEE-96B6-F147F14037C0}"
EndProject
Project("{FAE04EC0-301F-11D3-BF4B-00C04F79EFBC}") = "SprintService.UnitTests", "tests\SprintService.UnitTests\SprintService.UnitTests.csproj", "{8000D3DB-F3E4-41F8-8C74-49B240623486}"
EndProject
Project("{FAE04EC0-301F-11D3-BF4B-00C04F79EFBC}") = "IdentityService.UnitTests", "tests\IdentityService.UnitTests\IdentityService.UnitTests.csproj", "{ECFCB0B9-1865-4A81-8EDF-7520501D3593}"
EndProject
Project("{FAE04EC0-301F-11D3-BF4B-00C04F79EFBC}") = "Bff.UnitTests", "tests\Bff.UnitTests\Bff.UnitTests.csproj", "{492A3809-D940-4C40-886B-452CC345E90B}"
EndProject
Project("{FAE04EC0-301F-11D3-BF4B-00C04F79EFBC}") = "Shared.UnitTests", "tests\Shared.UnitTests\Shared.UnitTests.csproj", "{91CF4203-2DCB-4317-A60F-FE834EA32A84}"
EndProject
Global
	GlobalSection(SolutionConfigurationPlatforms) = preSolution
		Debug|Any CPU = Debug|Any CPU
		Debug|x64 = Debug|x64
		Debug|x86 = Debug|x86
		Release|Any CPU = Release|Any CPU
		Release|x64 = Release|x64
		Release|x86 = Release|x86
	EndGlobalSection
	GlobalSection(ProjectConfigurationPlatforms) = postSolution
		{E58161CD-E537-4082-B30F-6AF318CEF254}.Debug|Any CPU.ActiveCfg = Debug|Any CPU
		{E58161CD-E537-4082-B30F-6AF318CEF254}.Debug|Any CPU.Build.0 = Debug|Any CPU
		{E58161CD-E537-4082-B30F-6AF318CEF254}.Debug|x64.ActiveCfg = Debug|Any CPU
		{E58161CD-E537-4082-B30F-6AF318CEF254}.Debug|x64.Build.0 = Debug|Any CPU
		{E58161CD-E537-4082-B30F-6AF318CEF254}.Debug|x86.ActiveCfg = Debug|Any CPU
		{E58161CD-E537-4082-B30F-6AF318CEF254}.Debug|x86.Build.0 = Debug|Any CPU
		{E58161CD-E537-4082-B30F-6AF318CEF254}.Release|Any CPU.ActiveCfg = Release|Any CPU
		{E58161CD-E537-4082-B30F-6AF318CEF254}.Release|Any CPU.Build.0 = Release|Any CPU
		{E58161CD-E537-4082-B30F-6AF318CEF254}.Release|x64.ActiveCfg = Release|Any CPU
		{E58161CD-E537-4082-B30F-6AF318CEF254}.Release|x64.Build.0 = Release|Any CPU
		{E58161CD-E537-4082-B30F-6AF318CEF254}.Release|x86.ActiveCfg = Release|Any CPU
		{E58161CD-E537-4082-B30F-6AF318CEF254}.Release|x86.Build.0 = Release|Any CPU
		{AC25C3F3-2236-4497-9553-1E11D5CB33E1}.Debug|Any CPU.ActiveCfg = Debug|Any CPU
		{AC25C3F3-2236-4497-9553-1E11D5CB33E1}.Debug|Any CPU.Build.0 = Debug|Any CPU
		{AC25C3F3-2236-4497-9553-1E11D5CB33E1}.Debug|x64.ActiveCfg = Debug|Any CPU
		{AC25C3F3-2236-4497-9553-1E11D5CB33E1}.Debug|x64.Build.0 = Debug|Any CPU
		{AC25C3F3-2236-4497-9553-1E11D5CB33E1}.Debug|x86.ActiveCfg = Debug|Any CPU
		{AC25C3F3-2236-4497-9553-1E11D5CB33E1}.Debug|x86.Build.0 = Debug|Any CPU
		{AC25C3F3-2236-4497-9553-1E11D5CB33E1}.Release|Any CPU.ActiveCfg = Release|Any CPU
		{AC25C3F3-2236-4497-9553-1E11D5CB33E1}.Release|Any CPU.Build.0 = Release|Any CPU
		{AC25C3F3-2236-4497-9553-1E11D5CB33E1}.Release|x64.ActiveCfg = Release|Any CPU
		{AC25C3F3-2236-4497-9553-1E11D5CB33E1}.Release|x64.Build.0 = Release|Any CPU
		{AC25C3F3-2236-4497-9553-1E11D5CB33E1}.Release|x86.ActiveCfg = Release|Any CPU
		{AC25C3F3-2236-4497-9553-1E11D5CB33E1}.Release|x86.Build.0 = Release|Any CPU
		{52435D11-59EB-4792-B809-423923C8132C}.Debug|Any CPU.ActiveCfg = Debug|Any CPU
		{52435D11-59EB-4792-B809-423923C8132C}.Debug|Any CPU.Build.0 = Debug|Any CPU
		{52435D11-59EB-4792-B809-423923C8132C}.Debug|x64.ActiveCfg = Debug|Any CPU
		{52435D11-59EB-4792-B809-423923C8132C}.Debug|x64.Build.0 = Debug|Any CPU
		{52435D11-59EB-4792-B809-423923C8132C}.Debug|x86.ActiveCfg = Debug|Any CPU
		{52435D11-59EB-4792-B809-423923C8132C}.Debug|x86.Build.0 = Debug|Any CPU
		{52435D11-59EB-4792-B809-423923C8132C}.Release|Any CPU.ActiveCfg = Release|Any CPU
		{52435D11-59EB-4792-B809-423923C8132C}.Release|Any CPU.Build.0 = Release|Any CPU
		{52435D11-59EB-4792-B809-423923C8132C}.Release|x64.ActiveCfg = Release|Any CPU
		{52435D11-59EB-4792-B809-423923C8132C}.Release|x64.Build.0 = Release|Any CPU
		{52435D11-59EB-4792-B809-423923C8132C}.Release|x86.ActiveCfg = Release|Any CPU
		{52435D11-59EB-4792-B809-423923C8132C}.Release|x86.Build.0 = Release|Any CPU
		{352A0DA6-9C6A-46F6-B86F-C0251F0C3BD0}.Debug|Any CPU.ActiveCfg = Debug|Any CPU
		{352A0DA6-9C6A-46F6-B86F-C0251F0C3BD0}.Debug|Any CPU.Build.0 = Debug|Any CPU
		{352A0DA6-9C6A-46F6-B86F-C0251F0C3BD0}.Debug|x64.ActiveCfg = Debug|Any CPU
		{352A0DA6-9C6A-46F6-B86F-C0251F0C3BD0}.Debug|x64.Build.0 = Debug|Any CPU
		{352A0DA6-9C6A-46F6-B86F-C0251F0C3BD0}.Debug|x86.ActiveCfg = Debug|Any CPU
		{352A0DA6-9C6A-46F6-B86F-C0251F0C3BD0}.Debug|x86.Build.0 = Debug|Any CPU
		{352A0DA6-9C6A-46F6-B86F-C0251F0C3BD0}.Release|Any CPU.ActiveCfg = Release|Any CPU
		{352A0DA6-9C6A-46F6-B86F-C0251F0C3BD0}.Release|Any CPU.Build.0 = Release|Any CPU
		{352A0DA6-9C6A-46F6-B86F-C0251F0C3BD0}.Release|x64.ActiveCfg = Release|Any CPU
		{352A0DA6-9C6A-46F6-B86F-C0251F0C3BD0}.Release|x64.Build.0 = Release|Any CPU
		{352A0DA6-9C6A-46F6-B86F-C0251F0C3BD0}.Release|x86.ActiveCfg = Release|Any CPU
		{352A0DA6-9C6A-46F6-B86F-C0251F0C3BD0}.Release|x86.Build.0 = Release|Any CPU
		{40F4E031-A3A2-4659-A348-29FA4249DAA6}.Debug|Any CPU.ActiveCfg = Debug|Any CPU
		{40F4E031-A3A2-4659-A348-29FA4249DAA6}.Debug|Any CPU.Build.0 = Debug|Any CPU
		{40F4E031-A3A2-4659-A348-29FA4249DAA6}.Debug|x64.ActiveCfg = Debug|Any CPU
		{40F4E031-A3A2-4659-A348-29FA4249DAA6}.Debug|x64.Build.0 = Debug|Any CPU
		{40F4E031-A3A2-4659-A348-29FA4249DAA6}.Debug|x86.ActiveCfg = Debug|Any CPU
		{40F4E031-A3A2-4659-A348-29FA4249DAA6}.Debug|x86.Build.0 = Debug|Any CPU
		{40F4E031-A3A2-4659-A348-29FA4249DAA6}.Release|Any CPU.ActiveCfg = Release|Any CPU
		{40F4E031-A3A2-4659-A348-29FA4249DAA6}.Release|Any CPU.Build.0 = Release|Any CPU
		{40F4E031-A3A2-4659-A348-29FA4249DAA6}.Release|x64.ActiveCfg = Release|Any CPU
		{40F4E031-A3A2-4659-A348-29FA4249DAA6}.Release|x64.Build.0 = Release|Any CPU
		{40F4E031-A3A2-4659-A348-29FA4249DAA6}.Release|x86.ActiveCfg = Release|Any CPU
		{40F4E031-A3A2-4659-A348-29FA4249DAA6}.Release|x86.Build.0 = Release|Any CPU
		{46BD9006-F295-4157-A02D-3EB127491C34}.Debug|Any CPU.ActiveCfg = Debug|Any CPU
		{46BD9006-F295-4157-A02D-3EB127491C34}.Debug|Any CPU.Build.0 = Debug|Any CPU
		{46BD9006-F295-4157-A02D-3EB127491C34}.Debug|x64.ActiveCfg = Debug|Any CPU
		{46BD9006-F295-4157-A02D-3EB127491C34}.Debug|x64.Build.0 = Debug|Any CPU
		{46BD9006-F295-4157-A02D-3EB127491C34}.Debug|x86.ActiveCfg = Debug|Any CPU
		{46BD9006-F295-4157-A02D-3EB127491C34}.Debug|x86.Build.0 = Debug|Any CPU
		{46BD9006-F295-4157-A02D-3EB127491C34}.Release|Any CPU.ActiveCfg = Release|Any CPU
		{46BD9006-F295-4157-A02D-3EB127491C34}.Release|Any CPU.Build.0 = Release|Any CPU
		{46BD9006-F295-4157-A02D-3EB127491C34}.Release|x64.ActiveCfg = Release|Any CPU
		{46BD9006-F295-4157-A02D-3EB127491C34}.Release|x64.Build.0 = Release|Any CPU
		{46BD9006-F295-4157-A02D-3EB127491C34}.Release|x86.ActiveCfg = Release|Any CPU
		{46BD9006-F295-4157-A02D-3EB127491C34}.Release|x86.Build.0 = Release|Any CPU
		{C08B181B-227A-4924-856F-A8F58999D906}.Debug|Any CPU.ActiveCfg = Debug|Any CPU
		{C08B181B-227A-4924-856F-A8F58999D906}.Debug|Any CPU.Build.0 = Debug|Any CPU
		{C08B181B-227A-4924-856F-A8F58999D906}.Debug|x64.ActiveCfg = Debug|Any CPU
		{C08B181B-227A-4924-856F-A8F58999D906}.Debug|x64.Build.0 = Debug|Any CPU
		{C08B181B-227A-4924-856F-A8F58999D906}.Debug|x86.ActiveCfg = Debug|Any CPU
		{C08B181B-227A-4924-856F-A8F58999D906}.Debug|x86.Build.0 = Debug|Any CPU
		{C08B181B-227A-4924-856F-A8F58999D906}.Release|Any CPU.ActiveCfg = Release|Any CPU
		{C08B181B-227A-4924-856F-A8F58999D906}.Release|Any CPU.Build.0 = Release|Any CPU
		{C08B181B-227A-4924-856F-A8F58999D906}.Release|x64.ActiveCfg = Release|Any CPU
		{C08B181B-227A-4924-856F-A8F58999D906}.Release|x64.Build.0 = Release|Any CPU
		{C08B181B-227A-4924-856F-A8F58999D906}.Release|x86.ActiveCfg = Release|Any CPU
		{C08B181B-227A-4924-856F-A8F58999D906}.Release|x86.Build.0 = Release|Any CPU
		{0252403C-C767-49D1-B981-1DB8A3651068}.Debug|Any CPU.ActiveCfg = Debug|Any CPU
		{0252403C-C767-49D1-B981-1DB8A3651068}.Debug|Any CPU.Build.0 = Debug|Any CPU
		{0252403C-C767-49D1-B981-1DB8A3651068}.Debug|x64.ActiveCfg = Debug|Any CPU
		{0252403C-C767-49D1-B981-1DB8A3651068}.Debug|x64.Build.0 = Debug|Any CPU
		{0252403C-C767-49D1-B981-1DB8A3651068}.Debug|x86.ActiveCfg = Debug|Any CPU
		{0252403C-C767-49D1-B981-1DB8A3651068}.Debug|x86.Build.0 = Debug|Any CPU
		{0252403C-C767-49D1-B981-1DB8A3651068}.Release|Any CPU.ActiveCfg = Release|Any CPU
		{0252403C-C767-49D1-B981-1DB8A3651068}.Release|Any CPU.Build.0 = Release|Any CPU
		{0252403C-C767-49D1-B981-1DB8A3651068}.Release|x64.ActiveCfg = Release|Any CPU
		{0252403C-C767-49D1-B981-1DB8A3651068}.Release|x64.Build.0 = Release|Any CPU
		{0252403C-C767-49D1-B981-1DB8A3651068}.Release|x86.ActiveCfg = Release|Any CPU
		{0252403C-C767-49D1-B981-1DB8A3651068}.Release|x86.Build.0 = Release|Any CPU
		{D491BBAA-BEB5-4A61-9FFF-6866398C71DF}.Debug|Any CPU.ActiveCfg = Debug|Any CPU
		{D491BBAA-BEB5-4A61-9FFF-6866398C71DF}.Debug|Any CPU.Build.0 = Debug|Any CPU
		{D491BBAA-BEB5-4A61-9FFF-6866398C71DF}.Debug|x64.ActiveCfg = Debug|Any CPU
		{D491BBAA-BEB5-4A61-9FFF-6866398C71DF}.Debug|x64.Build.0 = Debug|Any CPU
		{D491BBAA-BEB5-4A61-9FFF-6866398C71DF}.Debug|x86.ActiveCfg = Debug|Any CPU
		{D491BBAA-BEB5-4A61-9FFF-6866398C71DF}.Debug|x86.Build.0 = Debug|Any CPU
		{D491BBAA-BEB5-4A61-9FFF-6866398C71DF}.Release|Any CPU.ActiveCfg = Release|Any CPU
		{D491BBAA-BEB5-4A61-9FFF-6866398C71DF}.Release|Any CPU.Build.0 = Release|Any CPU
		{D491BBAA-BEB5-4A61-9FFF-6866398C71DF}.Release|x64.ActiveCfg = Release|Any CPU
		{D491BBAA-BEB5-4A61-9FFF-6866398C71DF}.Release|x64.Build.0 = Release|Any CPU
		{D491BBAA-BEB5-4A61-9FFF-6866398C71DF}.Release|x86.ActiveCfg = Release|Any CPU
		{D491BBAA-BEB5-4A61-9FFF-6866398C71DF}.Release|x86.Build.0 = Release|Any CPU
		{AF3181BD-180A-4372-8276-9E6EB765CBCB}.Debug|Any CPU.ActiveCfg = Debug|Any CPU
		{AF3181BD-180A-4372-8276-9E6EB765CBCB}.Debug|Any CPU.Build.0 = Debug|Any CPU
		{AF3181BD-180A-4372-8276-9E6EB765CBCB}.Debug|x64.ActiveCfg = Debug|Any CPU
		{AF3181BD-180A-4372-8276-9E6EB765CBCB}.Debug|x64.Build.0 = Debug|Any CPU
		{AF3181BD-180A-4372-8276-9E6EB765CBCB}.Debug|x86.ActiveCfg = Debug|Any CPU
		{AF3181BD-180A-4372-8276-9E6EB765CBCB}.Debug|x86.Build.0 = Debug|Any CPU
		{AF3181BD-180A-4372-8276-9E6EB765CBCB}.Release|Any CPU.ActiveCfg = Release|Any CPU
		{AF3181BD-180A-4372-8276-9E6EB765CBCB}.Release|Any CPU.Build.0 = Release|Any CPU
		{AF3181BD-180A-4372-8276-9E6EB765CBCB}.Release|x64.ActiveCfg = Release|Any CPU
		{AF3181BD-180A-4372-8276-9E6EB765CBCB}.Release|x64.Build.0 = Release|Any CPU
		{AF3181BD-180A-4372-8276-9E6EB765CBCB}.Release|x86.ActiveCfg = Release|Any CPU
		{AF3181BD-180A-4372-8276-9E6EB765CBCB}.Release|x86.Build.0 = Release|Any CPU
		{FE0FDC78-EC06-4EFF-8B89-436F3308922C}.Debug|Any CPU.ActiveCfg = Debug|Any CPU
		{FE0FDC78-EC06-4EFF-8B89-436F3308922C}.Debug|Any CPU.Build.0 = Debug|Any CPU
		{FE0FDC78-EC06-4EFF-8B89-436F3308922C}.Debug|x64.ActiveCfg = Debug|Any CPU
		{FE0FDC78-EC06-4EFF-8B89-436F3308922C}.Debug|x64.Build.0 = Debug|Any CPU
		{FE0FDC78-EC06-4EFF-8B89-436F3308922C}.Debug|x86.ActiveCfg = Debug|Any CPU
		{FE0FDC78-EC06-4EFF-8B89-436F3308922C}.Debug|x86.Build.0 = Debug|Any CPU
		{FE0FDC78-EC06-4EFF-8B89-436F3308922C}.Release|Any CPU.ActiveCfg = Release|Any CPU
		{FE0FDC78-EC06-4EFF-8B89-436F3308922C}.Release|Any CPU.Build.0 = Release|Any CPU
		{FE0FDC78-EC06-4EFF-8B89-436F3308922C}.Release|x64.ActiveCfg = Release|Any CPU
		{FE0FDC78-EC06-4EFF-8B89-436F3308922C}.Release|x64.Build.0 = Release|Any CPU
		{FE0FDC78-EC06-4EFF-8B89-436F3308922C}.Release|x86.ActiveCfg = Release|Any CPU
		{FE0FDC78-EC06-4EFF-8B89-436F3308922C}.Release|x86.Build.0 = Release|Any CPU
		{4C19F8D1-8D61-4169-ACEE-FDFDC45B4302}.Debug|Any CPU.ActiveCfg = Debug|Any CPU
		{4C19F8D1-8D61-4169-ACEE-FDFDC45B4302}.Debug|Any CPU.Build.0 = Debug|Any CPU
		{4C19F8D1-8D61-4169-ACEE-FDFDC45B4302}.Debug|x64.ActiveCfg = Debug|Any CPU
		{4C19F8D1-8D61-4169-ACEE-FDFDC45B4302}.Debug|x64.Build.0 = Debug|Any CPU
		{4C19F8D1-8D61-4169-ACEE-FDFDC45B4302}.Debug|x86.ActiveCfg = Debug|Any CPU
		{4C19F8D1-8D61-4169-ACEE-FDFDC45B4302}.Debug|x86.Build.0 = Debug|Any CPU
		{4C19F8D1-8D61-4169-ACEE-FDFDC45B4302}.Release|Any CPU.ActiveCfg = Release|Any CPU
		{4C19F8D1-8D61-4169-ACEE-FDFDC45B4302}.Release|Any CPU.Build.0 = Release|Any CPU
		{4C19F8D1-8D61-4169-ACEE-FDFDC45B4302}.Release|x64.ActiveCfg = Release|Any CPU
		{4C19F8D1-8D61-4169-ACEE-FDFDC45B4302}.Release|x64.Build.0 = Release|Any CPU
		{4C19F8D1-8D61-4169-ACEE-FDFDC45B4302}.Release|x86.ActiveCfg = Release|Any CPU
		{4C19F8D1-8D61-4169-ACEE-FDFDC45B4302}.Release|x86.Build.0 = Release|Any CPU
		{54852CF4-83BA-494A-83F0-17DABB5B8B93}.Debug|Any CPU.ActiveCfg = Debug|Any CPU
		{54852CF4-83BA-494A-83F0-17DABB5B8B93}.Debug|Any CPU.Build.0 = Debug|Any CPU
		{54852CF4-83BA-494A-83F0-17DABB5B8B93}.Debug|x64.ActiveCfg = Debug|Any CPU
		{54852CF4-83BA-494A-83F0-17DABB5B8B93}.Debug|x64.Build.0 = Debug|Any CPU
		{54852CF4-83BA-494A-83F0-17DABB5B8B93}.Debug|x86.ActiveCfg = Debug|Any CPU
		{54852CF4-83BA-494A-83F0-17DABB5B8B93}.Debug|x86.Build.0 = Debug|Any CPU
		{54852CF4-83BA-494A-83F0-17DABB5B8B93}.Release|Any CPU.ActiveCfg = Release|Any CPU
		{54852CF4-83BA-494A-83F0-17DABB5B8B93}.Release|Any CPU.Build.0 = Release|Any CPU
		{54852CF4-83BA-494A-83F0-17DABB5B8B93}.Release|x64.ActiveCfg = Release|Any CPU
		{54852CF4-83BA-494A-83F0-17DABB5B8B93}.Release|x64.Build.0 = Release|Any CPU
		{54852CF4-83BA-494A-83F0-17DABB5B8B93}.Release|x86.ActiveCfg = Release|Any CPU
		{54852CF4-83BA-494A-83F0-17DABB5B8B93}.Release|x86.Build.0 = Release|Any CPU
		{D844170D-5DC3-4C33-AD13-26440BFEEA09}.Debug|Any CPU.ActiveCfg = Debug|Any CPU
		{D844170D-5DC3-4C33-AD13-26440BFEEA09}.Debug|Any CPU.Build.0 = Debug|Any CPU
		{D844170D-5DC3-4C33-AD13-26440BFEEA09}.Debug|x64.ActiveCfg = Debug|Any CPU
		{D844170D-5DC3-4C33-AD13-26440BFEEA09}.Debug|x64.Build.0 = Debug|Any CPU
		{D844170D-5DC3-4C33-AD13-26440BFEEA09}.Debug|x86.ActiveCfg = Debug|Any CPU
		{D844170D-5DC3-4C33-AD13-26440BFEEA09}.Debug|x86.Build.0 = Debug|Any CPU
		{D844170D-5DC3-4C33-AD13-26440BFEEA09}.Release|Any CPU.ActiveCfg = Release|Any CPU
		{D844170D-5DC3-4C33-AD13-26440BFEEA09}.Release|Any CPU.Build.0 = Release|Any CPU
		{D844170D-5DC3-4C33-AD13-26440BFEEA09}.Release|x64.ActiveCfg = Release|Any CPU
		{D844170D-5DC3-4C33-AD13-26440BFEEA09}.Release|x64.Build.0 = Release|Any CPU
		{D844170D-5DC3-4C33-AD13-26440BFEEA09}.Release|x86.ActiveCfg = Release|Any CPU
		{D844170D-5DC3-4C33-AD13-26440BFEEA09}.Release|x86.Build.0 = Release|Any CPU
		{FACCADF6-DD8D-4FD1-8A5B-152E19C1D32F}.Debug|Any CPU.ActiveCfg = Debug|Any CPU
		{FACCADF6-DD8D-4FD1-8A5B-152E19C1D32F}.Debug|Any CPU.Build.0 = Debug|Any CPU
		{FACCADF6-DD8D-4FD1-8A5B-152E19C1D32F}.Debug|x64.ActiveCfg = Debug|Any CPU
		{FACCADF6-DD8D-4FD1-8A5B-152E19C1D32F}.Debug|x64.Build.0 = Debug|Any CPU
		{FACCADF6-DD8D-4FD1-8A5B-152E19C1D32F}.Debug|x86.ActiveCfg = Debug|Any CPU
		{FACCADF6-DD8D-4FD1-8A5B-152E19C1D32F}.Debug|x86.Build.0 = Debug|Any CPU
		{FACCADF6-DD8D-4FD1-8A5B-152E19C1D32F}.Release|Any CPU.ActiveCfg = Release|Any CPU
		{FACCADF6-DD8D-4FD1-8A5B-152E19C1D32F}.Release|Any CPU.Build.0 = Release|Any CPU
		{FACCADF6-DD8D-4FD1-8A5B-152E19C1D32F}.Release|x64.ActiveCfg = Release|Any CPU
		{FACCADF6-DD8D-4FD1-8A5B-152E19C1D32F}.Release|x64.Build.0 = Release|Any CPU
		{FACCADF6-DD8D-4FD1-8A5B-152E19C1D32F}.Release|x86.ActiveCfg = Release|Any CPU
		{FACCADF6-DD8D-4FD1-8A5B-152E19C1D32F}.Release|x86.Build.0 = Release|Any CPU
		{58B0F66B-0CE8-4FB9-9D8C-9D40D14B82FA}.Debug|Any CPU.ActiveCfg = Debug|Any CPU
		{58B0F66B-0CE8-4FB9-9D8C-9D40D14B82FA}.Debug|Any CPU.Build.0 = Debug|Any CPU
		{58B0F66B-0CE8-4FB9-9D8C-9D40D14B82FA}.Debug|x64.ActiveCfg = Debug|Any CPU
		{58B0F66B-0CE8-4FB9-9D8C-9D40D14B82FA}.Debug|x64.Build.0 = Debug|Any CPU
		{58B0F66B-0CE8-4FB9-9D8C-9D40D14B82FA}.Debug|x86.ActiveCfg = Debug|Any CPU
		{58B0F66B-0CE8-4FB9-9D8C-9D40D14B82FA}.Debug|x86.Build.0 = Debug|Any CPU
		{58B0F66B-0CE8-4FB9-9D8C-9D40D14B82FA}.Release|Any CPU.ActiveCfg = Release|Any CPU
		{58B0F66B-0CE8-4FB9-9D8C-9D40D14B82FA}.Release|Any CPU.Build.0 = Release|Any CPU
		{58B0F66B-0CE8-4FB9-9D8C-9D40D14B82FA}.Release|x64.ActiveCfg = Release|Any CPU
		{58B0F66B-0CE8-4FB9-9D8C-9D40D14B82FA}.Release|x64.Build.0 = Release|Any CPU
		{58B0F66B-0CE8-4FB9-9D8C-9D40D14B82FA}.Release|x86.ActiveCfg = Release|Any CPU
		{58B0F66B-0CE8-4FB9-9D8C-9D40D14B82FA}.Release|x86.Build.0 = Release|Any CPU
		{DBCB405E-5175-4E95-ACB2-51AF505EABD8}.Debug|Any CPU.ActiveCfg = Debug|Any CPU
		{DBCB405E-5175-4E95-ACB2-51AF505EABD8}.Debug|Any CPU.Build.0 = Debug|Any CPU
		{DBCB405E-5175-4E95-ACB2-51AF505EABD8}.Debug|x64.ActiveCfg = Debug|Any CPU
		{DBCB405E-5175-4E95-ACB2-51AF505EABD8}.Debug|x64.Build.0 = Debug|Any CPU
		{DBCB405E-5175-4E95-ACB2-51AF505EABD8}.Debug|x86.ActiveCfg = Debug|Any CPU
		{DBCB405E-5175-4E95-ACB2-51AF505EABD8}.Debug|x86.Build.0 = Debug|Any CPU
		{DBCB405E-5175-4E95-ACB2-51AF505EABD8}.Release|Any CPU.ActiveCfg = Release|Any CPU
		{DBCB405E-5175-4E95-ACB2-51AF505EABD8}.Release|Any CPU.Build.0 = Release|Any CPU
		{DBCB405E-5175-4E95-ACB2-51AF505EABD8}.Release|x64.ActiveCfg = Release|Any CPU
		{DBCB405E-5175-4E95-ACB2-51AF505EABD8}.Release|x64.Build.0 = Release|Any CPU
		{DBCB405E-5175-4E95-ACB2-51AF505EABD8}.Release|x86.ActiveCfg = Release|Any CPU
		{DBCB405E-5175-4E95-ACB2-51AF505EABD8}.Release|x86.Build.0 = Release|Any CPU
		{DCAD85DB-2E60-4961-A9F0-6AA789CD6B23}.Debug|Any CPU.ActiveCfg = Debug|Any CPU
		{DCAD85DB-2E60-4961-A9F0-6AA789CD6B23}.Debug|Any CPU.Build.0 = Debug|Any CPU
		{DCAD85DB-2E60-4961-A9F0-6AA789CD6B23}.Debug|x64.ActiveCfg = Debug|Any CPU
		{DCAD85DB-2E60-4961-A9F0-6AA789CD6B23}.Debug|x64.Build.0 = Debug|Any CPU
		{DCAD85DB-2E60-4961-A9F0-6AA789CD6B23}.Debug|x86.ActiveCfg = Debug|Any CPU
		{DCAD85DB-2E60-4961-A9F0-6AA789CD6B23}.Debug|x86.Build.0 = Debug|Any CPU
		{DCAD85DB-2E60-4961-A9F0-6AA789CD6B23}.Release|Any CPU.ActiveCfg = Release|Any CPU
		{DCAD85DB-2E60-4961-A9F0-6AA789CD6B23}.Release|Any CPU.Build.0 = Release|Any CPU
		{DCAD85DB-2E60-4961-A9F0-6AA789CD6B23}.Release|x64.ActiveCfg = Release|Any CPU
		{DCAD85DB-2E60-4961-A9F0-6AA789CD6B23}.Release|x64.Build.0 = Release|Any CPU
		{DCAD85DB-2E60-4961-A9F0-6AA789CD6B23}.Release|x86.ActiveCfg = Release|Any CPU
		{DCAD85DB-2E60-4961-A9F0-6AA789CD6B23}.Release|x86.Build.0 = Release|Any CPU
		{C13294C1-6504-44D9-85BB-64862522B8E8}.Debug|Any CPU.ActiveCfg = Debug|Any CPU
		{C13294C1-6504-44D9-85BB-64862522B8E8}.Debug|Any CPU.Build.0 = Debug|Any CPU
		{C13294C1-6504-44D9-85BB-64862522B8E8}.Debug|x64.ActiveCfg = Debug|Any CPU
		{C13294C1-6504-44D9-85BB-64862522B8E8}.Debug|x64.Build.0 = Debug|Any CPU
		{C13294C1-6504-44D9-85BB-64862522B8E8}.Debug|x86.ActiveCfg = Debug|Any CPU
		{C13294C1-6504-44D9-85BB-64862522B8E8}.Debug|x86.Build.0 = Debug|Any CPU
		{C13294C1-6504-44D9-85BB-64862522B8E8}.Release|Any CPU.ActiveCfg = Release|Any CPU
		{C13294C1-6504-44D9-85BB-64862522B8E8}.Release|Any CPU.Build.0 = Release|Any CPU
		{C13294C1-6504-44D9-85BB-64862522B8E8}.Release|x64.ActiveCfg = Release|Any CPU
		{C13294C1-6504-44D9-85BB-64862522B8E8}.Release|x64.Build.0 = Release|Any CPU
		{C13294C1-6504-44D9-85BB-64862522B8E8}.Release|x86.ActiveCfg = Release|Any CPU
		{C13294C1-6504-44D9-85BB-64862522B8E8}.Release|x86.Build.0 = Release|Any CPU
		{D52940DC-FEBC-49A1-97B1-7E80490267B0}.Debug|Any CPU.ActiveCfg = Debug|Any CPU
		{D52940DC-FEBC-49A1-97B1-7E80490267B0}.Debug|Any CPU.Build.0 = Debug|Any CPU
		{D52940DC-FEBC-49A1-97B1-7E80490267B0}.Debug|x64.ActiveCfg = Debug|Any CPU
		{D52940DC-FEBC-49A1-97B1-7E80490267B0}.Debug|x64.Build.0 = Debug|Any CPU
		{D52940DC-FEBC-49A1-97B1-7E80490267B0}.Debug|x86.ActiveCfg = Debug|Any CPU
		{D52940DC-FEBC-49A1-97B1-7E80490267B0}.Debug|x86.Build.0 = Debug|Any CPU
		{D52940DC-FEBC-49A1-97B1-7E80490267B0}.Release|Any CPU.ActiveCfg = Release|Any CPU
		{D52940DC-FEBC-49A1-97B1-7E80490267B0}.Release|Any CPU.Build.0 = Release|Any CPU
		{D52940DC-FEBC-49A1-97B1-7E80490267B0}.Release|x64.ActiveCfg = Release|Any CPU
		{D52940DC-FEBC-49A1-97B1-7E80490267B0}.Release|x64.Build.0 = Release|Any CPU
		{D52940DC-FEBC-49A1-97B1-7E80490267B0}.Release|x86.ActiveCfg = Release|Any CPU
		{D52940DC-FEBC-49A1-97B1-7E80490267B0}.Release|x86.Build.0 = Release|Any CPU
		{F49974EA-189E-46E1-A698-FD55BD7B75E8}.Debug|Any CPU.ActiveCfg = Debug|Any CPU
		{F49974EA-189E-46E1-A698-FD55BD7B75E8}.Debug|Any CPU.Build.0 = Debug|Any CPU
		{F49974EA-189E-46E1-A698-FD55BD7B75E8}.Debug|x64.ActiveCfg = Debug|Any CPU
		{F49974EA-189E-46E1-A698-FD55BD7B75E8}.Debug|x64.Build.0 = Debug|Any CPU
		{F49974EA-189E-46E1-A698-FD55BD7B75E8}.Debug|x86.ActiveCfg = Debug|Any CPU
		{F49974EA-189E-46E1-A698-FD55BD7B75E8}.Debug|x86.Build.0 = Debug|Any CPU
		{F49974EA-189E-46E1-A698-FD55BD7B75E8}.Release|Any CPU.ActiveCfg = Release|Any CPU
		{F49974EA-189E-46E1-A698-FD55BD7B75E8}.Release|Any CPU.Build.0 = Release|Any CPU
		{F49974EA-189E-46E1-A698-FD55BD7B75E8}.Release|x64.ActiveCfg = Release|Any CPU
		{F49974EA-189E-46E1-A698-FD55BD7B75E8}.Release|x64.Build.0 = Release|Any CPU
		{F49974EA-189E-46E1-A698-FD55BD7B75E8}.Release|x86.ActiveCfg = Release|Any CPU
		{F49974EA-189E-46E1-A698-FD55BD7B75E8}.Release|x86.Build.0 = Release|Any CPU
		{660FC7BC-8584-4C58-9464-CBFD9C9A1AD5}.Debug|Any CPU.ActiveCfg = Debug|Any CPU
		{660FC7BC-8584-4C58-9464-CBFD9C9A1AD5}.Debug|Any CPU.Build.0 = Debug|Any CPU
		{660FC7BC-8584-4C58-9464-CBFD9C9A1AD5}.Debug|x64.ActiveCfg = Debug|Any CPU
		{660FC7BC-8584-4C58-9464-CBFD9C9A1AD5}.Debug|x64.Build.0 = Debug|Any CPU
		{660FC7BC-8584-4C58-9464-CBFD9C9A1AD5}.Debug|x86.ActiveCfg = Debug|Any CPU
		{660FC7BC-8584-4C58-9464-CBFD9C9A1AD5}.Debug|x86.Build.0 = Debug|Any CPU
		{660FC7BC-8584-4C58-9464-CBFD9C9A1AD5}.Release|Any CPU.ActiveCfg = Release|Any CPU
		{660FC7BC-8584-4C58-9464-CBFD9C9A1AD5}.Release|Any CPU.Build.0 = Release|Any CPU
		{660FC7BC-8584-4C58-9464-CBFD9C9A1AD5}.Release|x64.ActiveCfg = Release|Any CPU
		{660FC7BC-8584-4C58-9464-CBFD9C9A1AD5}.Release|x64.Build.0 = Release|Any CPU
		{660FC7BC-8584-4C58-9464-CBFD9C9A1AD5}.Release|x86.ActiveCfg = Release|Any CPU
		{660FC7BC-8584-4C58-9464-CBFD9C9A1AD5}.Release|x86.Build.0 = Release|Any CPU
		{5D94E7AC-3AD8-40C3-9626-690EC0214957}.Debug|Any CPU.ActiveCfg = Debug|Any CPU
		{5D94E7AC-3AD8-40C3-9626-690EC0214957}.Debug|Any CPU.Build.0 = Debug|Any CPU
		{5D94E7AC-3AD8-40C3-9626-690EC0214957}.Debug|x64.ActiveCfg = Debug|Any CPU
		{5D94E7AC-3AD8-40C3-9626-690EC0214957}.Debug|x64.Build.0 = Debug|Any CPU
		{5D94E7AC-3AD8-40C3-9626-690EC0214957}.Debug|x86.ActiveCfg = Debug|Any CPU
		{5D94E7AC-3AD8-40C3-9626-690EC0214957}.Debug|x86.Build.0 = Debug|Any CPU
		{5D94E7AC-3AD8-40C3-9626-690EC0214957}.Release|Any CPU.ActiveCfg = Release|Any CPU
		{5D94E7AC-3AD8-40C3-9626-690EC0214957}.Release|Any CPU.Build.0 = Release|Any CPU
		{5D94E7AC-3AD8-40C3-9626-690EC0214957}.Release|x64.ActiveCfg = Release|Any CPU
		{5D94E7AC-3AD8-40C3-9626-690EC0214957}.Release|x64.Build.0 = Release|Any CPU
		{5D94E7AC-3AD8-40C3-9626-690EC0214957}.Release|x86.ActiveCfg = Release|Any CPU
		{5D94E7AC-3AD8-40C3-9626-690EC0214957}.Release|x86.Build.0 = Release|Any CPU
		{6542DDBD-15BA-48FB-B3A9-D4F9898C0AAB}.Debug|Any CPU.ActiveCfg = Debug|Any CPU
		{6542DDBD-15BA-48FB-B3A9-D4F9898C0AAB}.Debug|Any CPU.Build.0 = Debug|Any CPU
		{6542DDBD-15BA-48FB-B3A9-D4F9898C0AAB}.Debug|x64.ActiveCfg = Debug|Any CPU
		{6542DDBD-15BA-48FB-B3A9-D4F9898C0AAB}.Debug|x64.Build.0 = Debug|Any CPU
		{6542DDBD-15BA-48FB-B3A9-D4F9898C0AAB}.Debug|x86.ActiveCfg = Debug|Any CPU
		{6542DDBD-15BA-48FB-B3A9-D4F9898C0AAB}.Debug|x86.Build.0 = Debug|Any CPU
		{6542DDBD-15BA-48FB-B3A9-D4F9898C0AAB}.Release|Any CPU.ActiveCfg = Release|Any CPU
		{6542DDBD-15BA-48FB-B3A9-D4F9898C0AAB}.Release|Any CPU.Build.0 = Release|Any CPU
		{6542DDBD-15BA-48FB-B3A9-D4F9898C0AAB}.Release|x64.ActiveCfg = Release|Any CPU
		{6542DDBD-15BA-48FB-B3A9-D4F9898C0AAB}.Release|x64.Build.0 = Release|Any CPU
		{6542DDBD-15BA-48FB-B3A9-D4F9898C0AAB}.Release|x86.ActiveCfg = Release|Any CPU
		{6542DDBD-15BA-48FB-B3A9-D4F9898C0AAB}.Release|x86.Build.0 = Release|Any CPU
		{AC9B431F-F267-4FFD-B8FF-D307EC13ED6A}.Debug|Any CPU.ActiveCfg = Debug|Any CPU
		{AC9B431F-F267-4FFD-B8FF-D307EC13ED6A}.Debug|Any CPU.Build.0 = Debug|Any CPU
		{AC9B431F-F267-4FFD-B8FF-D307EC13ED6A}.Debug|x64.ActiveCfg = Debug|Any CPU
		{AC9B431F-F267-4FFD-B8FF-D307EC13ED6A}.Debug|x64.Build.0 = Debug|Any CPU
		{AC9B431F-F267-4FFD-B8FF-D307EC13ED6A}.Debug|x86.ActiveCfg = Debug|Any CPU
		{AC9B431F-F267-4FFD-B8FF-D307EC13ED6A}.Debug|x86.Build.0 = Debug|Any CPU
		{AC9B431F-F267-4FFD-B8FF-D307EC13ED6A}.Release|Any CPU.ActiveCfg = Release|Any CPU
		{AC9B431F-F267-4FFD-B8FF-D307EC13ED6A}.Release|Any CPU.Build.0 = Release|Any CPU
		{AC9B431F-F267-4FFD-B8FF-D307EC13ED6A}.Release|x64.ActiveCfg = Release|Any CPU
		{AC9B431F-F267-4FFD-B8FF-D307EC13ED6A}.Release|x64.Build.0 = Release|Any CPU
		{AC9B431F-F267-4FFD-B8FF-D307EC13ED6A}.Release|x86.ActiveCfg = Release|Any CPU
		{AC9B431F-F267-4FFD-B8FF-D307EC13ED6A}.Release|x86.Build.0 = Release|Any CPU
		{62042A1B-1987-401C-9FA4-39A0F221F80D}.Debug|Any CPU.ActiveCfg = Debug|Any CPU
		{62042A1B-1987-401C-9FA4-39A0F221F80D}.Debug|Any CPU.Build.0 = Debug|Any CPU
		{62042A1B-1987-401C-9FA4-39A0F221F80D}.Debug|x64.ActiveCfg = Debug|Any CPU
		{62042A1B-1987-401C-9FA4-39A0F221F80D}.Debug|x64.Build.0 = Debug|Any CPU
		{62042A1B-1987-401C-9FA4-39A0F221F80D}.Debug|x86.ActiveCfg = Debug|Any CPU
		{62042A1B-1987-401C-9FA4-39A0F221F80D}.Debug|x86.Build.0 = Debug|Any CPU
		{62042A1B-1987-401C-9FA4-39A0F221F80D}.Release|Any CPU.ActiveCfg = Release|Any CPU
		{62042A1B-1987-401C-9FA4-39A0F221F80D}.Release|Any CPU.Build.0 = Release|Any CPU
		{62042A1B-1987-401C-9FA4-39A0F221F80D}.Release|x64.ActiveCfg = Release|Any CPU
		{62042A1B-1987-401C-9FA4-39A0F221F80D}.Release|x64.Build.0 = Release|Any CPU
		{62042A1B-1987-401C-9FA4-39A0F221F80D}.Release|x86.ActiveCfg = Release|Any CPU
		{62042A1B-1987-401C-9FA4-39A0F221F80D}.Release|x86.Build.0 = Release|Any CPU
		{076B32F7-82BD-4958-AE9D-398D27E5C213}.Debug|Any CPU.ActiveCfg = Debug|Any CPU
		{076B32F7-82BD-4958-AE9D-398D27E5C213}.Debug|Any CPU.Build.0 = Debug|Any CPU
		{076B32F7-82BD-4958-AE9D-398D27E5C213}.Debug|x64.ActiveCfg = Debug|Any CPU
		{076B32F7-82BD-4958-AE9D-398D27E5C213}.Debug|x64.Build.0 = Debug|Any CPU
		{076B32F7-82BD-4958-AE9D-398D27E5C213}.Debug|x86.ActiveCfg = Debug|Any CPU
		{076B32F7-82BD-4958-AE9D-398D27E5C213}.Debug|x86.Build.0 = Debug|Any CPU
		{076B32F7-82BD-4958-AE9D-398D27E5C213}.Release|Any CPU.ActiveCfg = Release|Any CPU
		{076B32F7-82BD-4958-AE9D-398D27E5C213}.Release|Any CPU.Build.0 = Release|Any CPU
		{076B32F7-82BD-4958-AE9D-398D27E5C213}.Release|x64.ActiveCfg = Release|Any CPU
		{076B32F7-82BD-4958-AE9D-398D27E5C213}.Release|x64.Build.0 = Release|Any CPU
		{076B32F7-82BD-4958-AE9D-398D27E5C213}.Release|x86.ActiveCfg = Release|Any CPU
		{076B32F7-82BD-4958-AE9D-398D27E5C213}.Release|x86.Build.0 = Release|Any CPU
		{B7AD3CEB-86A5-4E4C-9515-F740A7DFBAA0}.Debug|Any CPU.ActiveCfg = Debug|Any CPU
		{B7AD3CEB-86A5-4E4C-9515-F740A7DFBAA0}.Debug|Any CPU.Build.0 = Debug|Any CPU
		{B7AD3CEB-86A5-4E4C-9515-F740A7DFBAA0}.Debug|x64.ActiveCfg = Debug|Any CPU
		{B7AD3CEB-86A5-4E4C-9515-F740A7DFBAA0}.Debug|x64.Build.0 = Debug|Any CPU
		{B7AD3CEB-86A5-4E4C-9515-F740A7DFBAA0}.Debug|x86.ActiveCfg = Debug|Any CPU
		{B7AD3CEB-86A5-4E4C-9515-F740A7DFBAA0}.Debug|x86.Build.0 = Debug|Any CPU
		{B7AD3CEB-86A5-4E4C-9515-F740A7DFBAA0}.Release|Any CPU.ActiveCfg = Release|Any CPU
		{B7AD3CEB-86A5-4E4C-9515-F740A7DFBAA0}.Release|Any CPU.Build.0 = Release|Any CPU
		{B7AD3CEB-86A5-4E4C-9515-F740A7DFBAA0}.Release|x64.ActiveCfg = Release|Any CPU
		{B7AD3CEB-86A5-4E4C-9515-F740A7DFBAA0}.Release|x64.Build.0 = Release|Any CPU
		{B7AD3CEB-86A5-4E4C-9515-F740A7DFBAA0}.Release|x86.ActiveCfg = Release|Any CPU
		{B7AD3CEB-86A5-4E4C-9515-F740A7DFBAA0}.Release|x86.Build.0 = Release|Any CPU
		{9F5CD5B5-B5EB-4EB8-AC9B-B21C2E5143E1}.Debug|Any CPU.ActiveCfg = Debug|Any CPU
		{9F5CD5B5-B5EB-4EB8-AC9B-B21C2E5143E1}.Debug|Any CPU.Build.0 = Debug|Any CPU
		{9F5CD5B5-B5EB-4EB8-AC9B-B21C2E5143E1}.Debug|x64.ActiveCfg = Debug|Any CPU
		{9F5CD5B5-B5EB-4EB8-AC9B-B21C2E5143E1}.Debug|x64.Build.0 = Debug|Any CPU
		{9F5CD5B5-B5EB-4EB8-AC9B-B21C2E5143E1}.Debug|x86.ActiveCfg = Debug|Any CPU
		{9F5CD5B5-B5EB-4EB8-AC9B-B21C2E5143E1}.Debug|x86.Build.0 = Debug|Any CPU
		{9F5CD5B5-B5EB-4EB8-AC9B-B21C2E5143E1}.Release|Any CPU.ActiveCfg = Release|Any CPU
		{9F5CD5B5-B5EB-4EB8-AC9B-B21C2E5143E1}.Release|Any CPU.Build.0 = Release|Any CPU
		{9F5CD5B5-B5EB-4EB8-AC9B-B21C2E5143E1}.Release|x64.ActiveCfg = Release|Any CPU
		{9F5CD5B5-B5EB-4EB8-AC9B-B21C2E5143E1}.Release|x64.Build.0 = Release|Any CPU
		{9F5CD5B5-B5EB-4EB8-AC9B-B21C2E5143E1}.Release|x86.ActiveCfg = Release|Any CPU
		{9F5CD5B5-B5EB-4EB8-AC9B-B21C2E5143E1}.Release|x86.Build.0 = Release|Any CPU
		{AF76F2B0-B676-42D5-8B21-552DC8F60155}.Debug|Any CPU.ActiveCfg = Debug|Any CPU
		{AF76F2B0-B676-42D5-8B21-552DC8F60155}.Debug|Any CPU.Build.0 = Debug|Any CPU
		{AF76F2B0-B676-42D5-8B21-552DC8F60155}.Debug|x64.ActiveCfg = Debug|Any CPU
		{AF76F2B0-B676-42D5-8B21-552DC8F60155}.Debug|x64.Build.0 = Debug|Any CPU
		{AF76F2B0-B676-42D5-8B21-552DC8F60155}.Debug|x86.ActiveCfg = Debug|Any CPU
		{AF76F2B0-B676-42D5-8B21-552DC8F60155}.Debug|x86.Build.0 = Debug|Any CPU
		{AF76F2B0-B676-42D5-8B21-552DC8F60155}.Release|Any CPU.ActiveCfg = Release|Any CPU
		{AF76F2B0-B676-42D5-8B21-552DC8F60155}.Release|Any CPU.Build.0 = Release|Any CPU
		{AF76F2B0-B676-42D5-8B21-552DC8F60155}.Release|x64.ActiveCfg = Release|Any CPU
		{AF76F2B0-B676-42D5-8B21-552DC8F60155}.Release|x64.Build.0 = Release|Any CPU
		{AF76F2B0-B676-42D5-8B21-552DC8F60155}.Release|x86.ActiveCfg = Release|Any CPU
		{AF76F2B0-B676-42D5-8B21-552DC8F60155}.Release|x86.Build.0 = Release|Any CPU
		{C14AC452-7A22-4B6F-BBA0-19EEA261EFE8}.Debug|Any CPU.ActiveCfg = Debug|Any CPU
		{C14AC452-7A22-4B6F-BBA0-19EEA261EFE8}.Debug|Any CPU.Build.0 = Debug|Any CPU
		{C14AC452-7A22-4B6F-BBA0-19EEA261EFE8}.Debug|x64.ActiveCfg = Debug|Any CPU
		{C14AC452-7A22-4B6F-BBA0-19EEA261EFE8}.Debug|x64.Build.0 = Debug|Any CPU
		{C14AC452-7A22-4B6F-BBA0-19EEA261EFE8}.Debug|x86.ActiveCfg = Debug|Any CPU
		{C14AC452-7A22-4B6F-BBA0-19EEA261EFE8}.Debug|x86.Build.0 = Debug|Any CPU
		{C14AC452-7A22-4B6F-BBA0-19EEA261EFE8}.Release|Any CPU.ActiveCfg = Release|Any CPU
		{C14AC452-7A22-4B6F-BBA0-19EEA261EFE8}.Release|Any CPU.Build.0 = Release|Any CPU
		{C14AC452-7A22-4B6F-BBA0-19EEA261EFE8}.Release|x64.ActiveCfg = Release|Any CPU
		{C14AC452-7A22-4B6F-BBA0-19EEA261EFE8}.Release|x64.Build.0 = Release|Any CPU
		{C14AC452-7A22-4B6F-BBA0-19EEA261EFE8}.Release|x86.ActiveCfg = Release|Any CPU
		{C14AC452-7A22-4B6F-BBA0-19EEA261EFE8}.Release|x86.Build.0 = Release|Any CPU
		{D0E026FE-A529-488B-94AC-4A024DF3E054}.Debug|Any CPU.ActiveCfg = Debug|Any CPU
		{D0E026FE-A529-488B-94AC-4A024DF3E054}.Debug|Any CPU.Build.0 = Debug|Any CPU
		{D0E026FE-A529-488B-94AC-4A024DF3E054}.Debug|x64.ActiveCfg = Debug|Any CPU
		{D0E026FE-A529-488B-94AC-4A024DF3E054}.Debug|x64.Build.0 = Debug|Any CPU
		{D0E026FE-A529-488B-94AC-4A024DF3E054}.Debug|x86.ActiveCfg = Debug|Any CPU
		{D0E026FE-A529-488B-94AC-4A024DF3E054}.Debug|x86.Build.0 = Debug|Any CPU
		{D0E026FE-A529-488B-94AC-4A024DF3E054}.Release|Any CPU.ActiveCfg = Release|Any CPU
		{D0E026FE-A529-488B-94AC-4A024DF3E054}.Release|Any CPU.Build.0 = Release|Any CPU
		{D0E026FE-A529-488B-94AC-4A024DF3E054}.Release|x64.ActiveCfg = Release|Any CPU
		{D0E026FE-A529-488B-94AC-4A024DF3E054}.Release|x64.Build.0 = Release|Any CPU
		{D0E026FE-A529-488B-94AC-4A024DF3E054}.Release|x86.ActiveCfg = Release|Any CPU
		{D0E026FE-A529-488B-94AC-4A024DF3E054}.Release|x86.Build.0 = Release|Any CPU
		{6C96B6EF-92F3-4FEE-96B6-F147F14037C0}.Debug|Any CPU.ActiveCfg = Debug|Any CPU
		{6C96B6EF-92F3-4FEE-96B6-F147F14037C0}.Debug|Any CPU.Build.0 = Debug|Any CPU
		{6C96B6EF-92F3-4FEE-96B6-F147F14037C0}.Debug|x64.ActiveCfg = Debug|Any CPU
		{6C96B6EF-92F3-4FEE-96B6-F147F14037C0}.Debug|x64.Build.0 = Debug|Any CPU
		{6C96B6EF-92F3-4FEE-96B6-F147F14037C0}.Debug|x86.ActiveCfg = Debug|Any CPU
		{6C96B6EF-92F3-4FEE-96B6-F147F14037C0}.Debug|x86.Build.0 = Debug|Any CPU
		{6C96B6EF-92F3-4FEE-96B6-F147F14037C0}.Release|Any CPU.ActiveCfg = Release|Any CPU
		{6C96B6EF-92F3-4FEE-96B6-F147F14037C0}.Release|Any CPU.Build.0 = Release|Any CPU
		{6C96B6EF-92F3-4FEE-96B6-F147F14037C0}.Release|x64.ActiveCfg = Release|Any CPU
		{6C96B6EF-92F3-4FEE-96B6-F147F14037C0}.Release|x64.Build.0 = Release|Any CPU
		{6C96B6EF-92F3-4FEE-96B6-F147F14037C0}.Release|x86.ActiveCfg = Release|Any CPU
		{6C96B6EF-92F3-4FEE-96B6-F147F14037C0}.Release|x86.Build.0 = Release|Any CPU
		{8000D3DB-F3E4-41F8-8C74-49B240623486}.Debug|Any CPU.ActiveCfg = Debug|Any CPU
		{8000D3DB-F3E4-41F8-8C74-49B240623486}.Debug|Any CPU.Build.0 = Debug|Any CPU
		{8000D3DB-F3E4-41F8-8C74-49B240623486}.Debug|x64.ActiveCfg = Debug|Any CPU
		{8000D3DB-F3E4-41F8-8C74-49B240623486}.Debug|x64.Build.0 = Debug|Any CPU
		{8000D3DB-F3E4-41F8-8C74-49B240623486}.Debug|x86.ActiveCfg = Debug|Any CPU
		{8000D3DB-F3E4-41F8-8C74-49B240623486}.Debug|x86.Build.0 = Debug|Any CPU
		{8000D3DB-F3E4-41F8-8C74-49B240623486}.Release|Any CPU.ActiveCfg = Release|Any CPU
		{8000D3DB-F3E4-41F8-8C74-49B240623486}.Release|Any CPU.Build.0 = Release|Any CPU
		{8000D3DB-F3E4-41F8-8C74-49B240623486}.Release|x64.ActiveCfg = Release|Any CPU
		{8000D3DB-F3E4-41F8-8C74-49B240623486}.Release|x64.Build.0 = Release|Any CPU
		{8000D3DB-F3E4-41F8-8C74-49B240623486}.Release|x86.ActiveCfg = Release|Any CPU
		{8000D3DB-F3E4-41F8-8C74-49B240623486}.Release|x86.Build.0 = Release|Any CPU
		{ECFCB0B9-1865-4A81-8EDF-7520501D3593}.Debug|Any CPU.ActiveCfg = Debug|Any CPU
		{ECFCB0B9-1865-4A81-8EDF-7520501D3593}.Debug|Any CPU.Build.0 = Debug|Any CPU
		{ECFCB0B9-1865-4A81-8EDF-7520501D3593}.Debug|x64.ActiveCfg = Debug|Any CPU
		{ECFCB0B9-1865-4A81-8EDF-7520501D3593}.Debug|x64.Build.0 = Debug|Any CPU
		{ECFCB0B9-1865-4A81-8EDF-7520501D3593}.Debug|x86.ActiveCfg = Debug|Any CPU
		{ECFCB0B9-1865-4A81-8EDF-7520501D3593}.Debug|x86.Build.0 = Debug|Any CPU
		{ECFCB0B9-1865-4A81-8EDF-7520501D3593}.Release|Any CPU.ActiveCfg = Release|Any CPU
		{ECFCB0B9-1865-4A81-8EDF-7520501D3593}.Release|Any CPU.Build.0 = Release|Any CPU
		{ECFCB0B9-1865-4A81-8EDF-7520501D3593}.Release|x64.ActiveCfg = Release|Any CPU
		{ECFCB0B9-1865-4A81-8EDF-7520501D3593}.Release|x64.Build.0 = Release|Any CPU
		{ECFCB0B9-1865-4A81-8EDF-7520501D3593}.Release|x86.ActiveCfg = Release|Any CPU
		{ECFCB0B9-1865-4A81-8EDF-7520501D3593}.Release|x86.Build.0 = Release|Any CPU
		{492A3809-D940-4C40-886B-452CC345E90B}.Debug|Any CPU.ActiveCfg = Debug|Any CPU
		{492A3809-D940-4C40-886B-452CC345E90B}.Debug|Any CPU.Build.0 = Debug|Any CPU
		{492A3809-D940-4C40-886B-452CC345E90B}.Debug|x64.ActiveCfg = Debug|Any CPU
		{492A3809-D940-4C40-886B-452CC345E90B}.Debug|x64.Build.0 = Debug|Any CPU
		{492A3809-D940-4C40-886B-452CC345E90B}.Debug|x86.ActiveCfg = Debug|Any CPU
		{492A3809-D940-4C40-886B-452CC345E90B}.Debug|x86.Build.0 = Debug|Any CPU
		{492A3809-D940-4C40-886B-452CC345E90B}.Release|Any CPU.ActiveCfg = Release|Any CPU
		{492A3809-D940-4C40-886B-452CC345E90B}.Release|Any CPU.Build.0 = Release|Any CPU
		{492A3809-D940-4C40-886B-452CC345E90B}.Release|x64.ActiveCfg = Release|Any CPU
		{492A3809-D940-4C40-886B-452CC345E90B}.Release|x64.Build.0 = Release|Any CPU
		{492A3809-D940-4C40-886B-452CC345E90B}.Release|x86.ActiveCfg = Release|Any CPU
		{492A3809-D940-4C40-886B-452CC345E90B}.Release|x86.Build.0 = Release|Any CPU
		{91CF4203-2DCB-4317-A60F-FE834EA32A84}.Debug|Any CPU.ActiveCfg = Debug|Any CPU
		{91CF4203-2DCB-4317-A60F-FE834EA32A84}.Debug|Any CPU.Build.0 = Debug|Any CPU
		{91CF4203-2DCB-4317-A60F-FE834EA32A84}.Debug|x64.ActiveCfg = Debug|Any CPU
		{91CF4203-2DCB-4317-A60F-FE834EA32A84}.Debug|x64.Build.0 = Debug|Any CPU
		{91CF4203-2DCB-4317-A60F-FE834EA32A84}.Debug|x86.ActiveCfg = Debug|Any CPU
		{91CF4203-2DCB-4317-A60F-FE834EA32A84}.Debug|x86.Build.0 = Debug|Any CPU
		{91CF4203-2DCB-4317-A60F-FE834EA32A84}.Release|Any CPU.ActiveCfg = Release|Any CPU
		{91CF4203-2DCB-4317-A60F-FE834EA32A84}.Release|Any CPU.Build.0 = Release|Any CPU
		{91CF4203-2DCB-4317-A60F-FE834EA32A84}.Release|x64.ActiveCfg = Release|Any CPU
		{91CF4203-2DCB-4317-A60F-FE834EA32A84}.Release|x64.Build.0 = Release|Any CPU
		{91CF4203-2DCB-4317-A60F-FE834EA32A84}.Release|x86.ActiveCfg = Release|Any CPU
		{91CF4203-2DCB-4317-A60F-FE834EA32A84}.Release|x86.Build.0 = Release|Any CPU
	EndGlobalSection
	GlobalSection(SolutionProperties) = preSolution
		HideSolutionNode = FALSE
	EndGlobalSection
	GlobalSection(NestedProjects) = preSolution
		{C8E42992-5E42-0C2B-DBFE-AA848D06431C} = {827E0CD3-B72D-47B6-A68D-7590B98EB39B}
		{653321EE-8459-8F0C-2B73-83632013A9E2} = {C8E42992-5E42-0C2B-DBFE-AA848D06431C}
		{E58161CD-E537-4082-B30F-6AF318CEF254} = {653321EE-8459-8F0C-2B73-83632013A9E2}
		{AC25C3F3-2236-4497-9553-1E11D5CB33E1} = {653321EE-8459-8F0C-2B73-83632013A9E2}
		{52435D11-59EB-4792-B809-423923C8132C} = {653321EE-8459-8F0C-2B73-83632013A9E2}
		{352A0DA6-9C6A-46F6-B86F-C0251F0C3BD0} = {653321EE-8459-8F0C-2B73-83632013A9E2}
		{40F4E031-A3A2-4659-A348-29FA4249DAA6} = {653321EE-8459-8F0C-2B73-83632013A9E2}
		{46BD9006-F295-4157-A02D-3EB127491C34} = {653321EE-8459-8F0C-2B73-83632013A9E2}
		{C08B181B-227A-4924-856F-A8F58999D906} = {653321EE-8459-8F0C-2B73-83632013A9E2}
		{0252403C-C767-49D1-B981-1DB8A3651068} = {653321EE-8459-8F0C-2B73-83632013A9E2}
		{D491BBAA-BEB5-4A61-9FFF-6866398C71DF} = {653321EE-8459-8F0C-2B73-83632013A9E2}
		{AF3181BD-180A-4372-8276-9E6EB765CBCB} = {653321EE-8459-8F0C-2B73-83632013A9E2}
		{FE0FDC78-EC06-4EFF-8B89-436F3308922C} = {653321EE-8459-8F0C-2B73-83632013A9E2}
		{4C19F8D1-8D61-4169-ACEE-FDFDC45B4302} = {653321EE-8459-8F0C-2B73-83632013A9E2}
		{54852CF4-83BA-494A-83F0-17DABB5B8B93} = {653321EE-8459-8F0C-2B73-83632013A9E2}
		{D844170D-5DC3-4C33-AD13-26440BFEEA09} = {653321EE-8459-8F0C-2B73-83632013A9E2}
		{FACCADF6-DD8D-4FD1-8A5B-152E19C1D32F} = {653321EE-8459-8F0C-2B73-83632013A9E2}
		{58B0F66B-0CE8-4FB9-9D8C-9D40D14B82FA} = {653321EE-8459-8F0C-2B73-83632013A9E2}
		{DBCB405E-5175-4E95-ACB2-51AF505EABD8} = {653321EE-8459-8F0C-2B73-83632013A9E2}
		{DCAD85DB-2E60-4961-A9F0-6AA789CD6B23} = {653321EE-8459-8F0C-2B73-83632013A9E2}
		{C13294C1-6504-44D9-85BB-64862522B8E8} = {653321EE-8459-8F0C-2B73-83632013A9E2}
		{D52940DC-FEBC-49A1-97B1-7E80490267B0} = {653321EE-8459-8F0C-2B73-83632013A9E2}
		{F49974EA-189E-46E1-A698-FD55BD7B75E8} = {653321EE-8459-8F0C-2B73-83632013A9E2}
		{660FC7BC-8584-4C58-9464-CBFD9C9A1AD5} = {653321EE-8459-8F0C-2B73-83632013A9E2}
		{5D94E7AC-3AD8-40C3-9626-690EC0214957} = {653321EE-8459-8F0C-2B73-83632013A9E2}
		{6542DDBD-15BA-48FB-B3A9-D4F9898C0AAB} = {653321EE-8459-8F0C-2B73-83632013A9E2}
		{AC9B431F-F267-4FFD-B8FF-D307EC13ED6A} = {653321EE-8459-8F0C-2B73-83632013A9E2}
		{62042A1B-1987-401C-9FA4-39A0F221F80D} = {653321EE-8459-8F0C-2B73-83632013A9E2}
		{076B32F7-82BD-4958-AE9D-398D27E5C213} = {653321EE-8459-8F0C-2B73-83632013A9E2}
		{B7AD3CEB-86A5-4E4C-9515-F740A7DFBAA0} = {653321EE-8459-8F0C-2B73-83632013A9E2}
		{9F5CD5B5-B5EB-4EB8-AC9B-B21C2E5143E1} = {653321EE-8459-8F0C-2B73-83632013A9E2}
		{AF76F2B0-B676-42D5-8B21-552DC8F60155} = {653321EE-8459-8F0C-2B73-83632013A9E2}
		{C14AC452-7A22-4B6F-BBA0-19EEA261EFE8} = {653321EE-8459-8F0C-2B73-83632013A9E2}
		{D0E026FE-A529-488B-94AC-4A024DF3E054} = {653321EE-8459-8F0C-2B73-83632013A9E2}
		{6C96B6EF-92F3-4FEE-96B6-F147F14037C0} = {653321EE-8459-8F0C-2B73-83632013A9E2}
		{8000D3DB-F3E4-41F8-8C74-49B240623486} = {653321EE-8459-8F0C-2B73-83632013A9E2}
		{ECFCB0B9-1865-4A81-8EDF-7520501D3593} = {653321EE-8459-8F0C-2B73-83632013A9E2}
		{492A3809-D940-4C40-886B-452CC345E90B} = {653321EE-8459-8F0C-2B73-83632013A9E2}
		{91CF4203-2DCB-4317-A60F-FE834EA32A84} = {653321EE-8459-8F0C-2B73-83632013A9E2}
	EndGlobalSection
EndGlobal
